
Microsoft Visual Studio Solution File, Format Version 12.00
# Visual Studio Version 16
VisualStudioVersion = 16.0.30204.135
MinimumVisualStudioVersion = 10.0.40219.1
Project("{FAE04EC0-301F-11D3-BF4B-00C04F79EFBC}") = "Calculadora", "Calculadora\Calculadora.csproj", "{62585BF0-8992-43F0-95C1-83ECCD073A6E}"
EndProject
Project("{FAE04EC0-301F-11D3-BF4B-00C04F79EFBC}") = "Calculadora.Unit.Tests", "Calculadora.Unit.Tests\Calculadora.Unit.Tests.csproj", "{3D6106DE-2D16-4BA4-8D39-89A7A2473AAB}"
EndProject
Project("{FAE04EC0-301F-11D3-BF4B-00C04F79EFBC}") = "Calculadora.Unit.Tests.TestCases", "Calculadora.Unit.Tests.TestCases\Calculadora.Unit.Tests.TestCases.csproj", "{E3A59D0A-8DF7-43B8-8C07-4536B54C31EA}"
EndProject
Project("{FAE04EC0-301F-11D3-BF4B-00C04F79EFBC}") = "CalculadoraFinanceira", "CalculadoraFinanceira\CalculadoraFinanceira.csproj", "{9848FCC0-E3C9-4A11-811C-D973D27182E1}"
EndProject
Global
	GlobalSection(SolutionConfigurationPlatforms) = preSolution
		Debug|Any CPU = Debug|Any CPU
		Release|Any CPU = Release|Any CPU
	EndGlobalSection
	GlobalSection(ProjectConfigurationPlatforms) = postSolution
		{62585BF0-8992-43F0-95C1-83ECCD073A6E}.Debug|Any CPU.ActiveCfg = Debug|Any CPU
		{62585BF0-8992-43F0-95C1-83ECCD073A6E}.Debug|Any CPU.Build.0 = Debug|Any CPU
		{62585BF0-8992-43F0-95C1-83ECCD073A6E}.Release|Any CPU.ActiveCfg = Release|Any CPU
		{62585BF0-8992-43F0-95C1-83ECCD073A6E}.Release|Any CPU.Build.0 = Release|Any CPU
		{3D6106DE-2D16-4BA4-8D39-89A7A2473AAB}.Debug|Any CPU.ActiveCfg = Debug|Any CPU
		{3D6106DE-2D16-4BA4-8D39-89A7A2473AAB}.Debug|Any CPU.Build.0 = Debug|Any CPU
		{3D6106DE-2D16-4BA4-8D39-89A7A2473AAB}.Release|Any CPU.ActiveCfg = Release|Any CPU
		{3D6106DE-2D16-4BA4-8D39-89A7A2473AAB}.Release|Any CPU.Build.0 = Release|Any CPU
		{E3A59D0A-8DF7-43B8-8C07-4536B54C31EA}.Debug|Any CPU.ActiveCfg = Debug|Any CPU
		{E3A59D0A-8DF7-43B8-8C07-4536B54C31EA}.Debug|Any CPU.Build.0 = Debug|Any CPU
		{E3A59D0A-8DF7-43B8-8C07-4536B54C31EA}.Release|Any CPU.ActiveCfg = Release|Any CPU
		{E3A59D0A-8DF7-43B8-8C07-4536B54C31EA}.Release|Any CPU.Build.0 = Release|Any CPU
		{9848FCC0-E3C9-4A11-811C-D973D27182E1}.Debug|Any CPU.ActiveCfg = Debug|Any CPU
		{9848FCC0-E3C9-4A11-811C-D973D27182E1}.Debug|Any CPU.Build.0 = Debug|Any CPU
		{9848FCC0-E3C9-4A11-811C-D973D27182E1}.Release|Any CPU.ActiveCfg = Release|Any CPU
		{9848FCC0-E3C9-4A11-811C-D973D27182E1}.Release|Any CPU.Build.0 = Release|Any CPU
	EndGlobalSection
	GlobalSection(SolutionProperties) = preSolution
		HideSolutionNode = FALSE
	EndGlobalSection
	GlobalSection(ExtensibilityGlobals) = postSolution
		SolutionGuid = {7ED22060-E32F-4931-85D7-6F893359FB97}
	EndGlobalSection
EndGlobal
